// !$*UTF8*$!
{
	archiveVersion = 1;
	classes = {
	};
	objectVersion = 48;
	objects = {

/* Begin PBXBuildFile section */
		1272215320E9C17A00F8749D /* ShelterView.m in Sources */ = {isa = PBXBuildFile; fileRef = 1272215220E9C17A00F8749D /* ShelterView.m */; };
		1272215720E9C27700F8749D /* VicToastView.m in Sources */ = {isa = PBXBuildFile; fileRef = 1272215620E9C27700F8749D /* VicToastView.m */; };
		12B0AC9F205911B800462985 /* AppDelegate.m in Sources */ = {isa = PBXBuildFile; fileRef = 12B0AC9E205911B800462985 /* AppDelegate.m */; };
		12B0ACA2205911B800462985 /* ViewController.m in Sources */ = {isa = PBXBuildFile; fileRef = 12B0ACA1205911B800462985 /* ViewController.m */; };
		12B0ACA5205911BC00462985 /* Main.storyboard in Resources */ = {isa = PBXBuildFile; fileRef = 12B0ACA3205911BC00462985 /* Main.storyboard */; };
		12B0ACA7205911BC00462985 /* Assets.xcassets in Resources */ = {isa = PBXBuildFile; fileRef = 12B0ACA6205911BC00462985 /* Assets.xcassets */; };
		12B0ACAA205911BC00462985 /* LaunchScreen.storyboard in Resources */ = {isa = PBXBuildFile; fileRef = 12B0ACA8205911BC00462985 /* LaunchScreen.storyboard */; };
		12B0ACAD205911BC00462985 /* main.m in Sources */ = {isa = PBXBuildFile; fileRef = 12B0ACAC205911BC00462985 /* main.m */; };
		12FC3F8E2059F957006E233D /* AFHTTPSessionManager.m in Sources */ = {isa = PBXBuildFile; fileRef = 12FC3F822059F957006E233D /* AFHTTPSessionManager.m */; };
		12FC3F8F2059F957006E233D /* AFNetworkReachabilityManager.m in Sources */ = {isa = PBXBuildFile; fileRef = 12FC3F852059F957006E233D /* AFNetworkReachabilityManager.m */; };
		12FC3F902059F957006E233D /* AFSecurityPolicy.m in Sources */ = {isa = PBXBuildFile; fileRef = 12FC3F872059F957006E233D /* AFSecurityPolicy.m */; };
		12FC3F912059F957006E233D /* AFURLRequestSerialization.m in Sources */ = {isa = PBXBuildFile; fileRef = 12FC3F892059F957006E233D /* AFURLRequestSerialization.m */; };
		12FC3F922059F957006E233D /* AFURLResponseSerialization.m in Sources */ = {isa = PBXBuildFile; fileRef = 12FC3F8B2059F957006E233D /* AFURLResponseSerialization.m */; };
		12FC3F932059F957006E233D /* AFURLSessionManager.m in Sources */ = {isa = PBXBuildFile; fileRef = 12FC3F8D2059F957006E233D /* AFURLSessionManager.m */; };
		12FC3F962059FAC7006E233D /* VicNetRequest.m in Sources */ = {isa = PBXBuildFile; fileRef = 12FC3F952059FAC7006E233D /* VicNetRequest.m */; };
		12FC3FA4205A1A4A006E233D /* PINCache.m in Sources */ = {isa = PBXBuildFile; fileRef = 12FC3F9E205A1A4A006E233D /* PINCache.m */; };
		12FC3FA5205A1A4A006E233D /* PINDiskCache.m in Sources */ = {isa = PBXBuildFile; fileRef = 12FC3FA1205A1A4A006E233D /* PINDiskCache.m */; };
		12FC3FA6205A1A4A006E233D /* PINMemoryCache.m in Sources */ = {isa = PBXBuildFile; fileRef = 12FC3FA3205A1A4A006E233D /* PINMemoryCache.m */; };
		12FC3FA9205A1A5A006E233D /* VicNetCache.m in Sources */ = {isa = PBXBuildFile; fileRef = 12FC3FA8205A1A5A006E233D /* VicNetCache.m */; };
/* End PBXBuildFile section */

/* Begin PBXFileReference section */
		1272215120E9C17A00F8749D /* ShelterView.h */ = {isa = PBXFileReference; fileEncoding = 4; lastKnownFileType = sourcecode.c.h; path = ShelterView.h; sourceTree = "<group>"; };
		1272215220E9C17A00F8749D /* ShelterView.m */ = {isa = PBXFileReference; fileEncoding = 4; lastKnownFileType = sourcecode.c.objc; path = ShelterView.m; sourceTree = "<group>"; };
		1272215520E9C27700F8749D /* VicToastView.h */ = {isa = PBXFileReference; lastKnownFileType = sourcecode.c.h; path = VicToastView.h; sourceTree = "<group>"; };
		1272215620E9C27700F8749D /* VicToastView.m */ = {isa = PBXFileReference; lastKnownFileType = sourcecode.c.objc; path = VicToastView.m; sourceTree = "<group>"; };
		12B0AC9A205911B800462985 /* ReqDemo.app */ = {isa = PBXFileReference; explicitFileType = wrapper.application; includeInIndex = 0; path = ReqDemo.app; sourceTree = BUILT_PRODUCTS_DIR; };
		12B0AC9D205911B800462985 /* AppDelegate.h */ = {isa = PBXFileReference; lastKnownFileType = sourcecode.c.h; path = AppDelegate.h; sourceTree = "<group>"; };
		12B0AC9E205911B800462985 /* AppDelegate.m */ = {isa = PBXFileReference; lastKnownFileType = sourcecode.c.objc; path = AppDelegate.m; sourceTree = "<group>"; };
		12B0ACA0205911B800462985 /* ViewController.h */ = {isa = PBXFileReference; lastKnownFileType = sourcecode.c.h; path = ViewController.h; sourceTree = "<group>"; };
		12B0ACA1205911B800462985 /* ViewController.m */ = {isa = PBXFileReference; lastKnownFileType = sourcecode.c.objc; path = ViewController.m; sourceTree = "<group>"; };
		12B0ACA4205911BC00462985 /* Base */ = {isa = PBXFileReference; lastKnownFileType = file.storyboard; name = Base; path = Base.lproj/Main.storyboard; sourceTree = "<group>"; };
		12B0ACA6205911BC00462985 /* Assets.xcassets */ = {isa = PBXFileReference; lastKnownFileType = folder.assetcatalog; path = Assets.xcassets; sourceTree = "<group>"; };
		12B0ACA9205911BC00462985 /* Base */ = {isa = PBXFileReference; lastKnownFileType = file.storyboard; name = Base; path = Base.lproj/LaunchScreen.storyboard; sourceTree = "<group>"; };
		12B0ACAB205911BC00462985 /* Info.plist */ = {isa = PBXFileReference; lastKnownFileType = text.plist.xml; path = Info.plist; sourceTree = "<group>"; };
		12B0ACAC205911BC00462985 /* main.m */ = {isa = PBXFileReference; lastKnownFileType = sourcecode.c.objc; path = main.m; sourceTree = "<group>"; };
		12FC3F812059F957006E233D /* AFHTTPSessionManager.h */ = {isa = PBXFileReference; fileEncoding = 4; lastKnownFileType = sourcecode.c.h; path = AFHTTPSessionManager.h; sourceTree = "<group>"; };
		12FC3F822059F957006E233D /* AFHTTPSessionManager.m */ = {isa = PBXFileReference; fileEncoding = 4; lastKnownFileType = sourcecode.c.objc; path = AFHTTPSessionManager.m; sourceTree = "<group>"; };
		12FC3F832059F957006E233D /* AFNetworking.h */ = {isa = PBXFileReference; fileEncoding = 4; lastKnownFileType = sourcecode.c.h; path = AFNetworking.h; sourceTree = "<group>"; };
		12FC3F842059F957006E233D /* AFNetworkReachabilityManager.h */ = {isa = PBXFileReference; fileEncoding = 4; lastKnownFileType = sourcecode.c.h; path = AFNetworkReachabilityManager.h; sourceTree = "<group>"; };
		12FC3F852059F957006E233D /* AFNetworkReachabilityManager.m */ = {isa = PBXFileReference; fileEncoding = 4; lastKnownFileType = sourcecode.c.objc; path = AFNetworkReachabilityManager.m; sourceTree = "<group>"; };
		12FC3F862059F957006E233D /* AFSecurityPolicy.h */ = {isa = PBXFileReference; fileEncoding = 4; lastKnownFileType = sourcecode.c.h; path = AFSecurityPolicy.h; sourceTree = "<group>"; };
		12FC3F872059F957006E233D /* AFSecurityPolicy.m */ = {isa = PBXFileReference; fileEncoding = 4; lastKnownFileType = sourcecode.c.objc; path = AFSecurityPolicy.m; sourceTree = "<group>"; };
		12FC3F882059F957006E233D /* AFURLRequestSerialization.h */ = {isa = PBXFileReference; fileEncoding = 4; lastKnownFileType = sourcecode.c.h; path = AFURLRequestSerialization.h; sourceTree = "<group>"; };
		12FC3F892059F957006E233D /* AFURLRequestSerialization.m */ = {isa = PBXFileReference; fileEncoding = 4; lastKnownFileType = sourcecode.c.objc; path = AFURLRequestSerialization.m; sourceTree = "<group>"; };
		12FC3F8A2059F957006E233D /* AFURLResponseSerialization.h */ = {isa = PBXFileReference; fileEncoding = 4; lastKnownFileType = sourcecode.c.h; path = AFURLResponseSerialization.h; sourceTree = "<group>"; };
		12FC3F8B2059F957006E233D /* AFURLResponseSerialization.m */ = {isa = PBXFileReference; fileEncoding = 4; lastKnownFileType = sourcecode.c.objc; path = AFURLResponseSerialization.m; sourceTree = "<group>"; };
		12FC3F8C2059F957006E233D /* AFURLSessionManager.h */ = {isa = PBXFileReference; fileEncoding = 4; lastKnownFileType = sourcecode.c.h; path = AFURLSessionManager.h; sourceTree = "<group>"; };
		12FC3F8D2059F957006E233D /* AFURLSessionManager.m */ = {isa = PBXFileReference; fileEncoding = 4; lastKnownFileType = sourcecode.c.objc; path = AFURLSessionManager.m; sourceTree = "<group>"; };
		12FC3F942059FAC7006E233D /* VicNetRequest.h */ = {isa = PBXFileReference; lastKnownFileType = sourcecode.c.h; path = VicNetRequest.h; sourceTree = "<group>"; };
		12FC3F952059FAC7006E233D /* VicNetRequest.m */ = {isa = PBXFileReference; lastKnownFileType = sourcecode.c.objc; path = VicNetRequest.m; sourceTree = "<group>"; };
		12FC3F9C205A1A4A006E233D /* Nullability.h */ = {isa = PBXFileReference; fileEncoding = 4; lastKnownFileType = sourcecode.c.h; path = Nullability.h; sourceTree = "<group>"; };
		12FC3F9D205A1A4A006E233D /* PINCache.h */ = {isa = PBXFileReference; fileEncoding = 4; lastKnownFileType = sourcecode.c.h; path = PINCache.h; sourceTree = "<group>"; };
		12FC3F9E205A1A4A006E233D /* PINCache.m */ = {isa = PBXFileReference; fileEncoding = 4; lastKnownFileType = sourcecode.c.objc; path = PINCache.m; sourceTree = "<group>"; };
		12FC3F9F205A1A4A006E233D /* PINCacheObjectSubscripting.h */ = {isa = PBXFileReference; fileEncoding = 4; lastKnownFileType = sourcecode.c.h; path = PINCacheObjectSubscripting.h; sourceTree = "<group>"; };
		12FC3FA0205A1A4A006E233D /* PINDiskCache.h */ = {isa = PBXFileReference; fileEncoding = 4; lastKnownFileType = sourcecode.c.h; path = PINDiskCache.h; sourceTree = "<group>"; };
		12FC3FA1205A1A4A006E233D /* PINDiskCache.m */ = {isa = PBXFileReference; fileEncoding = 4; lastKnownFileType = sourcecode.c.objc; path = PINDiskCache.m; sourceTree = "<group>"; };
		12FC3FA2205A1A4A006E233D /* PINMemoryCache.h */ = {isa = PBXFileReference; fileEncoding = 4; lastKnownFileType = sourcecode.c.h; path = PINMemoryCache.h; sourceTree = "<group>"; };
		12FC3FA3205A1A4A006E233D /* PINMemoryCache.m */ = {isa = PBXFileReference; fileEncoding = 4; lastKnownFileType = sourcecode.c.objc; path = PINMemoryCache.m; sourceTree = "<group>"; };
		12FC3FA7205A1A59006E233D /* VicNetCache.h */ = {isa = PBXFileReference; fileEncoding = 4; lastKnownFileType = sourcecode.c.h; path = VicNetCache.h; sourceTree = "<group>"; };
		12FC3FA8205A1A5A006E233D /* VicNetCache.m */ = {isa = PBXFileReference; fileEncoding = 4; lastKnownFileType = sourcecode.c.objc; path = VicNetCache.m; sourceTree = "<group>"; };
/* End PBXFileReference section */

/* Begin PBXFrameworksBuildPhase section */
		12B0AC97205911B800462985 /* Frameworks */ = {
			isa = PBXFrameworksBuildPhase;
			buildActionMask = 2147483647;
			files = (
			);
			runOnlyForDeploymentPostprocessing = 0;
		};
/* End PBXFrameworksBuildPhase section */

/* Begin PBXGroup section */
		1272215020E9C16800F8749D /* ShelterView */ = {
			isa = PBXGroup;
			children = (
				1272215120E9C17A00F8749D /* ShelterView.h */,
				1272215220E9C17A00F8749D /* ShelterView.m */,
			);
			path = ShelterView;
			sourceTree = "<group>";
		};
		1272215420E9C26000F8749D /* toast */ = {
			isa = PBXGroup;
			children = (
				1272215520E9C27700F8749D /* VicToastView.h */,
				1272215620E9C27700F8749D /* VicToastView.m */,
			);
			path = toast;
			sourceTree = "<group>";
		};
		12B0AC91205911B800462985 = {
			isa = PBXGroup;
			children = (
				12B0AC9C205911B800462985 /* ReqDemo */,
				12B0AC9B205911B800462985 /* Products */,
			);
			sourceTree = "<group>";
		};
		12B0AC9B205911B800462985 /* Products */ = {
			isa = PBXGroup;
			children = (
				12B0AC9A205911B800462985 /* ReqDemo.app */,
			);
			name = Products;
			sourceTree = "<group>";
		};
		12B0AC9C205911B800462985 /* ReqDemo */ = {
			isa = PBXGroup;
			children = (
				12B0AC9D205911B800462985 /* AppDelegate.h */,
				12B0AC9E205911B800462985 /* AppDelegate.m */,
				12B0ACA0205911B800462985 /* ViewController.h */,
				12B0ACA1205911B800462985 /* ViewController.m */,
				12E8A85B205B483500D444A7 /* VicNetRequest */,
				12FC3F802059F957006E233D /* AFNetworking */,
				12B0ACA6205911BC00462985 /* Assets.xcassets */,
				12B0ACAB205911BC00462985 /* Info.plist */,
				12B0ACA3205911BC00462985 /* Main.storyboard */,
				12B0ACA8205911BC00462985 /* LaunchScreen.storyboard */,
				12B0ACAC205911BC00462985 /* main.m */,
			);
			path = ReqDemo;
			sourceTree = "<group>";
		};
		12E8A85B205B483500D444A7 /* VicNetRequest */ = {
			isa = PBXGroup;
			children = (
				12FC3F942059FAC7006E233D /* VicNetRequest.h */,
				12FC3F952059FAC7006E233D /* VicNetRequest.m */,
				12FC3FA7205A1A59006E233D /* VicNetCache.h */,
				12FC3FA8205A1A5A006E233D /* VicNetCache.m */,
				1272215420E9C26000F8749D /* toast */,
				1272215020E9C16800F8749D /* ShelterView */,
				12FC3F9B205A1A49006E233D /* PINCache */,
			);
			path = VicNetRequest;
			sourceTree = "<group>";
		};
		12FC3F802059F957006E233D /* AFNetworking */ = {
			isa = PBXGroup;
			children = (
				12FC3F812059F957006E233D /* AFHTTPSessionManager.h */,
				12FC3F822059F957006E233D /* AFHTTPSessionManager.m */,
				12FC3F832059F957006E233D /* AFNetworking.h */,
				12FC3F842059F957006E233D /* AFNetworkReachabilityManager.h */,
				12FC3F852059F957006E233D /* AFNetworkReachabilityManager.m */,
				12FC3F862059F957006E233D /* AFSecurityPolicy.h */,
				12FC3F872059F957006E233D /* AFSecurityPolicy.m */,
				12FC3F882059F957006E233D /* AFURLRequestSerialization.h */,
				12FC3F892059F957006E233D /* AFURLRequestSerialization.m */,
				12FC3F8A2059F957006E233D /* AFURLResponseSerialization.h */,
				12FC3F8B2059F957006E233D /* AFURLResponseSerialization.m */,
				12FC3F8C2059F957006E233D /* AFURLSessionManager.h */,
				12FC3F8D2059F957006E233D /* AFURLSessionManager.m */,
			);
			path = AFNetworking;
			sourceTree = "<group>";
		};
		12FC3F9B205A1A49006E233D /* PINCache */ = {
			isa = PBXGroup;
			children = (
				12FC3F9C205A1A4A006E233D /* Nullability.h */,
				12FC3F9D205A1A4A006E233D /* PINCache.h */,
				12FC3F9E205A1A4A006E233D /* PINCache.m */,
				12FC3F9F205A1A4A006E233D /* PINCacheObjectSubscripting.h */,
				12FC3FA0205A1A4A006E233D /* PINDiskCache.h */,
				12FC3FA1205A1A4A006E233D /* PINDiskCache.m */,
				12FC3FA2205A1A4A006E233D /* PINMemoryCache.h */,
				12FC3FA3205A1A4A006E233D /* PINMemoryCache.m */,
			);
			path = PINCache;
			sourceTree = "<group>";
		};
/* End PBXGroup section */

/* Begin PBXNativeTarget section */
		12B0AC99205911B800462985 /* ReqDemo */ = {
			isa = PBXNativeTarget;
			buildConfigurationList = 12B0ACB0205911BC00462985 /* Build configuration list for PBXNativeTarget "ReqDemo" */;
			buildPhases = (
				12B0AC96205911B800462985 /* Sources */,
				12B0AC97205911B800462985 /* Frameworks */,
				12B0AC98205911B800462985 /* Resources */,
			);
			buildRules = (
			);
			dependencies = (
			);
			name = ReqDemo;
			productName = ReqDemo;
			productReference = 12B0AC9A205911B800462985 /* ReqDemo.app */;
			productType = "com.apple.product-type.application";
		};
/* End PBXNativeTarget section */

/* Begin PBXProject section */
		12B0AC92205911B800462985 /* Project object */ = {
			isa = PBXProject;
			attributes = {
				LastUpgradeCheck = 0920;
				ORGANIZATIONNAME = vicnic;
				TargetAttributes = {
					12B0AC99205911B800462985 = {
						CreatedOnToolsVersion = 9.2;
						ProvisioningStyle = Automatic;
					};
				};
			};
			buildConfigurationList = 12B0AC95205911B800462985 /* Build configuration list for PBXProject "ReqDemo" */;
			compatibilityVersion = "Xcode 8.0";
			developmentRegion = en;
			hasScannedForEncodings = 0;
			knownRegions = (
				en,
				Base,
			);
			mainGroup = 12B0AC91205911B800462985;
			productRefGroup = 12B0AC9B205911B800462985 /* Products */;
			projectDirPath = "";
			projectRoot = "";
			targets = (
				12B0AC99205911B800462985 /* ReqDemo */,
			);
		};
/* End PBXProject section */

/* Begin PBXResourcesBuildPhase section */
		12B0AC98205911B800462985 /* Resources */ = {
			isa = PBXResourcesBuildPhase;
			buildActionMask = 2147483647;
			files = (
				12B0ACAA205911BC00462985 /* LaunchScreen.storyboard in Resources */,
				12B0ACA7205911BC00462985 /* Assets.xcassets in Resources */,
				12B0ACA5205911BC00462985 /* Main.storyboard in Resources */,
			);
			runOnlyForDeploymentPostprocessing = 0;
		};
/* End PBXResourcesBuildPhase section */

/* Begin PBXSourcesBuildPhase section */
		12B0AC96205911B800462985 /* Sources */ = {
			isa = PBXSourcesBuildPhase;
			buildActionMask = 2147483647;
			files = (
				12FC3F902059F957006E233D /* AFSecurityPolicy.m in Sources */,
				1272215720E9C27700F8749D /* VicToastView.m in Sources */,
				12FC3F922059F957006E233D /* AFURLResponseSerialization.m in Sources */,
				12B0ACA2205911B800462985 /* ViewController.m in Sources */,
				12FC3FA5205A1A4A006E233D /* PINDiskCache.m in Sources */,
				12B0ACAD205911BC00462985 /* main.m in Sources */,
				12FC3F8E2059F957006E233D /* AFHTTPSessionManager.m in Sources */,
				12FC3FA6205A1A4A006E233D /* PINMemoryCache.m in Sources */,
				12FC3F962059FAC7006E233D /* VicNetRequest.m in Sources */,
				12FC3F932059F957006E233D /* AFURLSessionManager.m in Sources */,
				12B0AC9F205911B800462985 /* AppDelegate.m in Sources */,
				1272215320E9C17A00F8749D /* ShelterView.m in Sources */,
				12FC3F8F2059F957006E233D /* AFNetworkReachabilityManager.m in Sources */,
				12FC3FA9205A1A5A006E233D /* VicNetCache.m in Sources */,
				12FC3F912059F957006E233D /* AFURLRequestSerialization.m in Sources */,
				12FC3FA4205A1A4A006E233D /* PINCache.m in Sources */,
			);
			runOnlyForDeploymentPostprocessing = 0;
		};
/* End PBXSourcesBuildPhase section */

/* Begin PBXVariantGroup section */
		12B0ACA3205911BC00462985 /* Main.storyboard */ = {
			isa = PBXVariantGroup;
			children = (
				12B0ACA4205911BC00462985 /* Base */,
			);
			name = Main.storyboard;
			sourceTree = "<group>";
		};
		12B0ACA8205911BC00462985 /* LaunchScreen.storyboard */ = {
			isa = PBXVariantGroup;
			children = (
				12B0ACA9205911BC00462985 /* Base */,
			);
			name = LaunchScreen.storyboard;
			sourceTree = "<group>";
		};
/* End PBXVariantGroup section */

/* Begin XCBuildConfiguration section */
		12B0ACAE205911BC00462985 /* Debug */ = {
			isa = XCBuildConfiguration;
			buildSettings = {
				ALWAYS_SEARCH_USER_PATHS = NO;
				CLANG_ANALYZER_NONNULL = YES;
				CLANG_ANALYZER_NUMBER_OBJECT_CONVERSION = YES_AGGRESSIVE;
				CLANG_CXX_LANGUAGE_STANDARD = "gnu++14";
				CLANG_CXX_LIBRARY = "libc++";
				CLANG_ENABLE_MODULES = YES;
				CLANG_ENABLE_OBJC_ARC = YES;
				CLANG_WARN_BLOCK_CAPTURE_AUTORELEASING = YES;
				CLANG_WARN_BOOL_CONVERSION = YES;
				CLANG_WARN_COMMA = YES;
				CLANG_WARN_CONSTANT_CONVERSION = YES;
				CLANG_WARN_DIRECT_OBJC_ISA_USAGE = YES_ERROR;
				CLANG_WARN_DOCUMENTATION_COMMENTS = YES;
				CLANG_WARN_EMPTY_BODY = YES;
				CLANG_WARN_ENUM_CONVERSION = YES;
				CLANG_WARN_INFINITE_RECURSION = YES;
				CLANG_WARN_INT_CONVERSION = YES;
				CLANG_WARN_NON_LITERAL_NULL_CONVERSION = YES;
				CLANG_WARN_OBJC_LITERAL_CONVERSION = YES;
				CLANG_WARN_OBJC_ROOT_CLASS = YES_ERROR;
				CLANG_WARN_RANGE_LOOP_ANALYSIS = YES;
				CLANG_WARN_STRICT_PROTOTYPES = YES;
				CLANG_WARN_SUSPICIOUS_MOVE = YES;
				CLANG_WARN_UNGUARDED_AVAILABILITY = YES_AGGRESSIVE;
				CLANG_WARN_UNREACHABLE_CODE = YES;
				CLANG_WARN__DUPLICATE_METHOD_MATCH = YES;
				CODE_SIGN_IDENTITY = "iPhone Developer";
				COPY_PHASE_STRIP = NO;
				DEBUG_INFORMATION_FORMAT = dwarf;
				ENABLE_STRICT_OBJC_MSGSEND = YES;
				ENABLE_TESTABILITY = YES;
				GCC_C_LANGUAGE_STANDARD = gnu11;
				GCC_DYNAMIC_NO_PIC = NO;
				GCC_NO_COMMON_BLOCKS = YES;
				GCC_OPTIMIZATION_LEVEL = 0;
				GCC_PREPROCESSOR_DEFINITIONS = (
					"DEBUG=1",
					"$(inherited)",
				);
				GCC_WARN_64_TO_32_BIT_CONVERSION = YES;
				GCC_WARN_ABOUT_RETURN_TYPE = YES_ERROR;
				GCC_WARN_UNDECLARED_SELECTOR = YES;
				GCC_WARN_UNINITIALIZED_AUTOS = YES_AGGRESSIVE;
				GCC_WARN_UNUSED_FUNCTION = YES;
				GCC_WARN_UNUSED_VARIABLE = YES;
				IPHONEOS_DEPLOYMENT_TARGET = 11.2;
				MTL_ENABLE_DEBUG_INFO = YES;
				ONLY_ACTIVE_ARCH = YES;
				SDKROOT = iphoneos;
			};
			name = Debug;
		};
		12B0ACAF205911BC00462985 /* Release */ = {
			isa = XCBuildConfiguration;
			buildSettings = {
				ALWAYS_SEARCH_USER_PATHS = NO;
				CLANG_ANALYZER_NONNULL = YES;
				CLANG_ANALYZER_NUMBER_OBJECT_CONVERSION = YES_AGGRESSIVE;
				CLANG_CXX_LANGUAGE_STANDARD = "gnu++14";
				CLANG_CXX_LIBRARY = "libc++";
				CLANG_ENABLE_MODULES = YES;
				CLANG_ENABLE_OBJC_ARC = YES;
				CLANG_WARN_BLOCK_CAPTURE_AUTORELEASING = YES;
				CLANG_WARN_BOOL_CONVERSION = YES;
				CLANG_WARN_COMMA = YES;
				CLANG_WARN_CONSTANT_CONVERSION = YES;
				CLANG_WARN_DIRECT_OBJC_ISA_USAGE = YES_ERROR;
				CLANG_WARN_DOCUMENTATION_COMMENTS = YES;
				CLANG_WARN_EMPTY_BODY = YES;
				CLANG_WARN_ENUM_CONVERSION = YES;
				CLANG_WARN_INFINITE_RECURSION = YES;
				CLANG_WARN_INT_CONVERSION = YES;
				CLANG_WARN_NON_LITERAL_NULL_CONVERSION = YES;
				CLANG_WARN_OBJC_LITERAL_CONVERSION = YES;
				CLANG_WARN_OBJC_ROOT_CLASS = YES_ERROR;
				CLANG_WARN_RANGE_LOOP_ANALYSIS = YES;
				CLANG_WARN_STRICT_PROTOTYPES = YES;
				CLANG_WARN_SUSPICIOUS_MOVE = YES;
				CLANG_WARN_UNGUARDED_AVAILABILITY = YES_AGGRESSIVE;
				CLANG_WARN_UNREACHABLE_CODE = YES;
				CLANG_WARN__DUPLICATE_METHOD_MATCH = YES;
				CODE_SIGN_IDENTITY = "iPhone Developer";
				COPY_PHASE_STRIP = NO;
				DEBUG_INFORMATION_FORMAT = "dwarf-with-dsym";
				ENABLE_NS_ASSERTIONS = NO;
				ENABLE_STRICT_OBJC_MSGSEND = YES;
				GCC_C_LANGUAGE_STANDARD = gnu11;
				GCC_NO_COMMON_BLOCKS = YES;
				GCC_WARN_64_TO_32_BIT_CONVERSION = YES;
				GCC_WARN_ABOUT_RETURN_TYPE = YES_ERROR;
				GCC_WARN_UNDECLARED_SELECTOR = YES;
				GCC_WARN_UNINITIALIZED_AUTOS = YES_AGGRESSIVE;
				GCC_WARN_UNUSED_FUNCTION = YES;
				GCC_WARN_UNUSED_VARIABLE = YES;
				IPHONEOS_DEPLOYMENT_TARGET = 11.2;
				MTL_ENABLE_DEBUG_INFO = NO;
				SDKROOT = iphoneos;
				VALIDATE_PRODUCT = YES;
			};
			name = Release;
		};
		12B0ACB1205911BC00462985 /* Debug */ = {
			isa = XCBuildConfiguration;
			buildSettings = {
				ASSETCATALOG_COMPILER_APPICON_NAME = AppIcon;
				CODE_SIGN_STYLE = Automatic;
				DEVELOPMENT_TEAM = G3AGX8A6V6;
				INFOPLIST_FILE = ReqDemo/Info.plist;
				IPHONEOS_DEPLOYMENT_TARGET = 8.0;
				LD_RUNPATH_SEARCH_PATHS = "$(inherited) @executable_path/Frameworks";
				PRODUCT_BUNDLE_IDENTIFIER = vicnic.ReqDemo;
				PRODUCT_NAME = "$(TARGET_NAME)";
				TARGETED_DEVICE_FAMILY = "1,2";
			};
			name = Debug;
		};
		12B0ACB2205911BC00462985 /* Release */ = {
			isa = XCBuildConfiguration;
			buildSettings = {
				ASSETCATALOG_COMPILER_APPICON_NAME = AppIcon;
				CODE_SIGN_STYLE = Automatic;
				DEVELOPMENT_TEAM = G3AGX8A6V6;
				INFOPLIST_FILE = ReqDemo/Info.plist;
				IPHONEOS_DEPLOYMENT_TARGET = 8.0;
				LD_RUNPATH_SEARCH_PATHS = "$(inherited) @executable_path/Frameworks";
				PRODUCT_BUNDLE_IDENTIFIER = vicnic.ReqDemo;
				PRODUCT_NAME = "$(TARGET_NAME)";
				TARGETED_DEVICE_FAMILY = "1,2";
			};
			name = Release;
		};
/* End XCBuildConfiguration section */

/* Begin XCConfigurationList section */
		12B0AC95205911B800462985 /* Build configuration list for PBXProject "ReqDemo" */ = {
			isa = XCConfigurationList;
			buildConfigurations = (
				12B0ACAE205911BC00462985 /* Debug */,
				12B0ACAF205911BC00462985 /* Release */,
			);
			defaultConfigurationIsVisible = 0;
			defaultConfigurationName = Release;
		};
		12B0ACB0205911BC00462985 /* Build configuration list for PBXNativeTarget "ReqDemo" */ = {
			isa = XCConfigurationList;
			buildConfigurations = (
				12B0ACB1205911BC00462985 /* Debug */,
				12B0ACB2205911BC00462985 /* Release */,
			);
			defaultConfigurationIsVisible = 0;
			defaultConfigurationName = Release;
		};
/* End XCConfigurationList section */
	};
	rootObject = 12B0AC92205911B800462985 /* Project object */;
}
